
Microsoft Visual Studio Solution File, Format Version 12.00
# Visual Studio Version 16
VisualStudioVersion = 16.0.29509.3
MinimumVisualStudioVersion = 10.0.40219.1
Project("{FAE04EC0-301F-11D3-BF4B-00C04F79EFBC}") = "CourseWorkSample", "CourseWorkSample\CourseWorkSample.csproj", "{7E72110E-A73F-4335-B45E-EC8F777B5F65}"
EndProject
Project("{FAE04EC0-301F-11D3-BF4B-00C04F79EFBC}") = "DataHandler", "DataHandler\DataHandler.csproj", "{D2EC772B-B380-439F-8E6F-D5500B614380}"
EndProject
Global
	GlobalSection(SolutionConfigurationPlatforms) = preSolution
		Debug|Any CPU = Debug|Any CPU
		Release|Any CPU = Release|Any CPU
	EndGlobalSection
	GlobalSection(ProjectConfigurationPlatforms) = postSolution
		{7E72110E-A73F-4335-B45E-EC8F777B5F65}.Debug|Any CPU.ActiveCfg = Debug|Any CPU
		{7E72110E-A73F-4335-B45E-EC8F777B5F65}.Debug|Any CPU.Build.0 = Debug|Any CPU
		{7E72110E-A73F-4335-B45E-EC8F777B5F65}.Release|Any CPU.ActiveCfg = Release|Any CPU
		{7E72110E-A73F-4335-B45E-EC8F777B5F65}.Release|Any CPU.Build.0 = Release|Any CPU
		{D2EC772B-B380-439F-8E6F-D5500B614380}.Debug|Any CPU.ActiveCfg = Debug|Any CPU
		{D2EC772B-B380-439F-8E6F-D5500B614380}.Debug|Any CPU.Build.0 = Debug|Any CPU
		{D2EC772B-B380-439F-8E6F-D5500B614380}.Release|Any CPU.ActiveCfg = Release|Any CPU
		{D2EC772B-B380-439F-8E6F-D5500B614380}.Release|Any CPU.Build.0 = Release|Any CPU
	EndGlobalSection
	GlobalSection(SolutionProperties) = preSolution
		HideSolutionNode = FALSE
	EndGlobalSection
	GlobalSection(ExtensibilityGlobals) = postSolution
		SolutionGuid = {183F43F3-A2AE-4594-B375-7AAEA548458E}
	EndGlobalSection
EndGlobal
